
Microsoft Visual Studio Solution File, Format Version 12.00
# Visual Studio Version 16
VisualStudioVersion = 16.0.31129.286
MinimumVisualStudioVersion = 10.0.40219.1
Project("{FAE04EC0-301F-11D3-BF4B-00C04F79EFBC}") = "CourseWiki", "CourseWiki\CourseWiki.csproj", "{E132820D-2E18-4B18-9CAE-F55CF06B8BE2}"
EndProject
Project("{FAE04EC0-301F-11D3-BF4B-00C04F79EFBC}") = "CourseWiki.Tests", "CourseWiki.Tests\CourseWiki.Tests.csproj", "{5D2D253E-92D5-4606-93C3-CE36AA2ED9D5}"
EndProject
Global
	GlobalSection(SolutionConfigurationPlatforms) = preSolution
		Debug|Any CPU = Debug|Any CPU
		Release|Any CPU = Release|Any CPU
	EndGlobalSection
	GlobalSection(ProjectConfigurationPlatforms) = postSolution
		{E132820D-2E18-4B18-9CAE-F55CF06B8BE2}.Debug|Any CPU.ActiveCfg = Debug|Any CPU
		{E132820D-2E18-4B18-9CAE-F55CF06B8BE2}.Debug|Any CPU.Build.0 = Debug|Any CPU
		{E132820D-2E18-4B18-9CAE-F55CF06B8BE2}.Release|Any CPU.ActiveCfg = Release|Any CPU
		{E132820D-2E18-4B18-9CAE-F55CF06B8BE2}.Release|Any CPU.Build.0 = Release|Any CPU
		{5D2D253E-92D5-4606-93C3-CE36AA2ED9D5}.Debug|Any CPU.ActiveCfg = Debug|Any CPU
		{5D2D253E-92D5-4606-93C3-CE36AA2ED9D5}.Debug|Any CPU.Build.0 = Debug|Any CPU
		{5D2D253E-92D5-4606-93C3-CE36AA2ED9D5}.Release|Any CPU.ActiveCfg = Release|Any CPU
		{5D2D253E-92D5-4606-93C3-CE36AA2ED9D5}.Release|Any CPU.Build.0 = Release|Any CPU
	EndGlobalSection
	GlobalSection(SolutionProperties) = preSolution
		HideSolutionNode = FALSE
	EndGlobalSection
	GlobalSection(ExtensibilityGlobals) = postSolution
		SolutionGuid = {61A05008-93F9-4CC5-B188-700E8348FD4C}
	EndGlobalSection
EndGlobal
